// !$*UTF8*$!
{
	archiveVersion = 1;
	classes = {
	};
	objectVersion = 56;
	objects = {

/* Begin PBXBuildFile section */
		DE01730129592C13002E9949 /* Coordinator.swift in Sources */ = {isa = PBXBuildFile; fileRef = DE01730029592C13002E9949 /* Coordinator.swift */; };
		DE01730429611E24002E9949 /* ModuleFactory.swift in Sources */ = {isa = PBXBuildFile; fileRef = DE01730329611E24002E9949 /* ModuleFactory.swift */; };
		DE01730629611E97002E9949 /* EnterPhoneViewController.swift in Sources */ = {isa = PBXBuildFile; fileRef = DE01730529611E97002E9949 /* EnterPhoneViewController.swift */; };
		DE017308296122B7002E9949 /* FlowController.swift in Sources */ = {isa = PBXBuildFile; fileRef = DE017307296122B7002E9949 /* FlowController.swift */; };
		DE01730A29612730002E9949 /* ConformPhoneViewController.swift in Sources */ = {isa = PBXBuildFile; fileRef = DE01730929612730002E9949 /* ConformPhoneViewController.swift */; };
		DE01730C29612798002E9949 /* EnterNameViewController.swift in Sources */ = {isa = PBXBuildFile; fileRef = DE01730B29612798002E9949 /* EnterNameViewController.swift */; };
		DE01730E296127BC002E9949 /* EnterBirthdayViewController.swift in Sources */ = {isa = PBXBuildFile; fileRef = DE01730D296127BC002E9949 /* EnterBirthdayViewController.swift */; };
		DE01731029612889002E9949 /* EnterPasswordViewController.swift in Sources */ = {isa = PBXBuildFile; fileRef = DE01730F29612889002E9949 /* EnterPasswordViewController.swift */; };
		DE01731229612C33002E9949 /* CoordinatorFactory.swift in Sources */ = {isa = PBXBuildFile; fileRef = DE01731129612C33002E9949 /* CoordinatorFactory.swift */; };
		DE01731429613334002E9949 /* AppCoordinator.swift in Sources */ = {isa = PBXBuildFile; fileRef = DE01731329613334002E9949 /* AppCoordinator.swift */; };
		DE5559E729534ECA003AA66F /* UserData.swift in Sources */ = {isa = PBXBuildFile; fileRef = DE5559E629534ECA003AA66F /* UserData.swift */; };
		DE5559EF29535485003AA66F /* RegistrationCoordinator.swift in Sources */ = {isa = PBXBuildFile; fileRef = DE5559EE29535485003AA66F /* RegistrationCoordinator.swift */; };
		DE5DD5482944D921008AB925 /* AppDelegate.swift in Sources */ = {isa = PBXBuildFile; fileRef = DE5DD5472944D921008AB925 /* AppDelegate.swift */; };
		DE5DD5512944D922008AB925 /* Assets.xcassets in Resources */ = {isa = PBXBuildFile; fileRef = DE5DD5502944D922008AB925 /* Assets.xcassets */; };
		DE5DD5542944D922008AB925 /* LaunchScreen.storyboard in Resources */ = {isa = PBXBuildFile; fileRef = DE5DD5522944D922008AB925 /* LaunchScreen.storyboard */; };
/* End PBXBuildFile section */

/* Begin PBXFileReference section */
		DE01730029592C13002E9949 /* Coordinator.swift */ = {isa = PBXFileReference; lastKnownFileType = sourcecode.swift; path = Coordinator.swift; sourceTree = "<group>"; };
		DE01730329611E24002E9949 /* ModuleFactory.swift */ = {isa = PBXFileReference; lastKnownFileType = sourcecode.swift; path = ModuleFactory.swift; sourceTree = "<group>"; };
		DE01730529611E97002E9949 /* EnterPhoneViewController.swift */ = {isa = PBXFileReference; lastKnownFileType = sourcecode.swift; path = EnterPhoneViewController.swift; sourceTree = "<group>"; };
		DE017307296122B7002E9949 /* FlowController.swift */ = {isa = PBXFileReference; lastKnownFileType = sourcecode.swift; path = FlowController.swift; sourceTree = "<group>"; };
		DE01730929612730002E9949 /* ConformPhoneViewController.swift */ = {isa = PBXFileReference; lastKnownFileType = sourcecode.swift; path = ConformPhoneViewController.swift; sourceTree = "<group>"; };
		DE01730B29612798002E9949 /* EnterNameViewController.swift */ = {isa = PBXFileReference; lastKnownFileType = sourcecode.swift; path = EnterNameViewController.swift; sourceTree = "<group>"; };
		DE01730D296127BC002E9949 /* EnterBirthdayViewController.swift */ = {isa = PBXFileReference; lastKnownFileType = sourcecode.swift; path = EnterBirthdayViewController.swift; sourceTree = "<group>"; };
		DE01730F29612889002E9949 /* EnterPasswordViewController.swift */ = {isa = PBXFileReference; lastKnownFileType = sourcecode.swift; path = EnterPasswordViewController.swift; sourceTree = "<group>"; };
		DE01731129612C33002E9949 /* CoordinatorFactory.swift */ = {isa = PBXFileReference; lastKnownFileType = sourcecode.swift; path = CoordinatorFactory.swift; sourceTree = "<group>"; };
		DE01731329613334002E9949 /* AppCoordinator.swift */ = {isa = PBXFileReference; lastKnownFileType = sourcecode.swift; path = AppCoordinator.swift; sourceTree = "<group>"; };
		DE5559E629534ECA003AA66F /* UserData.swift */ = {isa = PBXFileReference; lastKnownFileType = sourcecode.swift; path = UserData.swift; sourceTree = "<group>"; };
		DE5559EE29535485003AA66F /* RegistrationCoordinator.swift */ = {isa = PBXFileReference; lastKnownFileType = sourcecode.swift; path = RegistrationCoordinator.swift; sourceTree = "<group>"; };
		DE5DD5442944D921008AB925 /* SamsungStore.app */ = {isa = PBXFileReference; explicitFileType = wrapper.application; includeInIndex = 0; path = SamsungStore.app; sourceTree = BUILT_PRODUCTS_DIR; };
		DE5DD5472944D921008AB925 /* AppDelegate.swift */ = {isa = PBXFileReference; lastKnownFileType = sourcecode.swift; path = AppDelegate.swift; sourceTree = "<group>"; };
		DE5DD5502944D922008AB925 /* Assets.xcassets */ = {isa = PBXFileReference; lastKnownFileType = folder.assetcatalog; path = Assets.xcassets; sourceTree = "<group>"; };
		DE5DD5532944D922008AB925 /* Base */ = {isa = PBXFileReference; lastKnownFileType = file.storyboard; name = Base; path = Base.lproj/LaunchScreen.storyboard; sourceTree = "<group>"; };
		DE5DD5552944D922008AB925 /* Info.plist */ = {isa = PBXFileReference; lastKnownFileType = text.plist.xml; path = Info.plist; sourceTree = "<group>"; };
/* End PBXFileReference section */

/* Begin PBXFrameworksBuildPhase section */
		DE5DD5412944D921008AB925 /* Frameworks */ = {
			isa = PBXFrameworksBuildPhase;
			buildActionMask = 2147483647;
			files = (
			);
			runOnlyForDeploymentPostprocessing = 0;
		};
/* End PBXFrameworksBuildPhase section */

/* Begin PBXGroup section */
		DE0172FF29592BE9002E9949 /* Base */ = {
			isa = PBXGroup;
			children = (
				DE01730029592C13002E9949 /* Coordinator.swift */,
				DE017307296122B7002E9949 /* FlowController.swift */,
			);
			path = Base;
			sourceTree = "<group>";
		};
		DE01730229611E05002E9949 /* Factories */ = {
			isa = PBXGroup;
			children = (
				DE01730329611E24002E9949 /* ModuleFactory.swift */,
				DE01731129612C33002E9949 /* CoordinatorFactory.swift */,
			);
			path = Factories;
			sourceTree = "<group>";
		};
		DE5559E02953323E003AA66F /* Coordinators */ = {
			isa = PBXGroup;
			children = (
				DE01731329613334002E9949 /* AppCoordinator.swift */,
				DE5559EE29535485003AA66F /* RegistrationCoordinator.swift */,
			);
			path = Coordinators;
			sourceTree = "<group>";
		};
		DE5559E129533251003AA66F /* ViewModels */ = {
			isa = PBXGroup;
			children = (
			);
			path = ViewModels;
			sourceTree = "<group>";
		};
		DE5559E229533275003AA66F /* Views */ = {
			isa = PBXGroup;
			children = (
				DE01730529611E97002E9949 /* EnterPhoneViewController.swift */,
				DE01730929612730002E9949 /* ConformPhoneViewController.swift */,
				DE01730F29612889002E9949 /* EnterPasswordViewController.swift */,
				DE01730B29612798002E9949 /* EnterNameViewController.swift */,
				DE01730D296127BC002E9949 /* EnterBirthdayViewController.swift */,
			);
			path = Views;
			sourceTree = "<group>";
		};
		DE5559E329533280003AA66F /* Models */ = {
			isa = PBXGroup;
			children = (
				DE5559E629534ECA003AA66F /* UserData.swift */,
			);
			path = Models;
			sourceTree = "<group>";
		};
		DE5DD53B2944D921008AB925 = {
			isa = PBXGroup;
			children = (
				DE5DD5462944D921008AB925 /* SamsungStore */,
				DE5DD5452944D921008AB925 /* Products */,
			);
			sourceTree = "<group>";
		};
		DE5DD5452944D921008AB925 /* Products */ = {
			isa = PBXGroup;
			children = (
				DE5DD5442944D921008AB925 /* SamsungStore.app */,
			);
			name = Products;
			sourceTree = "<group>";
		};
		DE5DD5462944D921008AB925 /* SamsungStore */ = {
			isa = PBXGroup;
			children = (
				DE5DD5472944D921008AB925 /* AppDelegate.swift */,
				DE01730229611E05002E9949 /* Factories */,
				DE0172FF29592BE9002E9949 /* Base */,
				DE5559E02953323E003AA66F /* Coordinators */,
				DE5559E329533280003AA66F /* Models */,
				DE5559E229533275003AA66F /* Views */,
				DE5559E129533251003AA66F /* ViewModels */,
				DE5DD5502944D922008AB925 /* Assets.xcassets */,
				DE5DD5522944D922008AB925 /* LaunchScreen.storyboard */,
				DE5DD5552944D922008AB925 /* Info.plist */,
			);
			path = SamsungStore;
			sourceTree = "<group>";
		};
/* End PBXGroup section */

/* Begin PBXNativeTarget section */
		DE5DD5432944D921008AB925 /* SamsungStore */ = {
			isa = PBXNativeTarget;
			buildConfigurationList = DE5DD5582944D922008AB925 /* Build configuration list for PBXNativeTarget "SamsungStore" */;
			buildPhases = (
				DE5DD5402944D921008AB925 /* Sources */,
				DE5DD5412944D921008AB925 /* Frameworks */,
				DE5DD5422944D921008AB925 /* Resources */,
			);
			buildRules = (
			);
			dependencies = (
			);
			name = SamsungStore;
			productName = SamsungStore;
			productReference = DE5DD5442944D921008AB925 /* SamsungStore.app */;
			productType = "com.apple.product-type.application";
		};
/* End PBXNativeTarget section */

/* Begin PBXProject section */
		DE5DD53C2944D921008AB925 /* Project object */ = {
			isa = PBXProject;
			attributes = {
				BuildIndependentTargetsInParallel = 1;
				LastSwiftUpdateCheck = 1410;
				LastUpgradeCheck = 1410;
				TargetAttributes = {
					DE5DD5432944D921008AB925 = {
						CreatedOnToolsVersion = 14.1;
					};
				};
			};
			buildConfigurationList = DE5DD53F2944D921008AB925 /* Build configuration list for PBXProject "SamsungStore" */;
			compatibilityVersion = "Xcode 14.0";
			developmentRegion = en;
			hasScannedForEncodings = 0;
			knownRegions = (
				en,
				Base,
			);
			mainGroup = DE5DD53B2944D921008AB925;
			productRefGroup = DE5DD5452944D921008AB925 /* Products */;
			projectDirPath = "";
			projectRoot = "";
			targets = (
				DE5DD5432944D921008AB925 /* SamsungStore */,
			);
		};
/* End PBXProject section */

/* Begin PBXResourcesBuildPhase section */
		DE5DD5422944D921008AB925 /* Resources */ = {
			isa = PBXResourcesBuildPhase;
			buildActionMask = 2147483647;
			files = (
				DE5DD5542944D922008AB925 /* LaunchScreen.storyboard in Resources */,
				DE5DD5512944D922008AB925 /* Assets.xcassets in Resources */,
			);
			runOnlyForDeploymentPostprocessing = 0;
		};
/* End PBXResourcesBuildPhase section */

/* Begin PBXSourcesBuildPhase section */
		DE5DD5402944D921008AB925 /* Sources */ = {
			isa = PBXSourcesBuildPhase;
			buildActionMask = 2147483647;
			files = (
				DE01731029612889002E9949 /* EnterPasswordViewController.swift in Sources */,
				DE01730E296127BC002E9949 /* EnterBirthdayViewController.swift in Sources */,
				DE01731429613334002E9949 /* AppCoordinator.swift in Sources */,
				DE01730129592C13002E9949 /* Coordinator.swift in Sources */,
				DE01731229612C33002E9949 /* CoordinatorFactory.swift in Sources */,
				DE01730429611E24002E9949 /* ModuleFactory.swift in Sources */,
				DE5559E729534ECA003AA66F /* UserData.swift in Sources */,
				DE017308296122B7002E9949 /* FlowController.swift in Sources */,
				DE01730A29612730002E9949 /* ConformPhoneViewController.swift in Sources */,
				DE01730629611E97002E9949 /* EnterPhoneViewController.swift in Sources */,
				DE5559EF29535485003AA66F /* RegistrationCoordinator.swift in Sources */,
				DE01730C29612798002E9949 /* EnterNameViewController.swift in Sources */,
				DE5DD5482944D921008AB925 /* AppDelegate.swift in Sources */,
			);
			runOnlyForDeploymentPostprocessing = 0;
		};
/* End PBXSourcesBuildPhase section */

/* Begin PBXVariantGroup section */
		DE5DD5522944D922008AB925 /* LaunchScreen.storyboard */ = {
			isa = PBXVariantGroup;
			children = (
				DE5DD5532944D922008AB925 /* Base */,
			);
			name = LaunchScreen.storyboard;
			sourceTree = "<group>";
		};
/* End PBXVariantGroup section */

/* Begin XCBuildConfiguration section */
		DE5DD5562944D922008AB925 /* Debug */ = {
			isa = XCBuildConfiguration;
			buildSettings = {
				ALWAYS_SEARCH_USER_PATHS = NO;
				CLANG_ANALYZER_NONNULL = YES;
				CLANG_ANALYZER_NUMBER_OBJECT_CONVERSION = YES_AGGRESSIVE;
				CLANG_CXX_LANGUAGE_STANDARD = "gnu++20";
				CLANG_ENABLE_MODULES = YES;
				CLANG_ENABLE_OBJC_ARC = YES;
				CLANG_ENABLE_OBJC_WEAK = YES;
				CLANG_WARN_BLOCK_CAPTURE_AUTORELEASING = YES;
				CLANG_WARN_BOOL_CONVERSION = YES;
				CLANG_WARN_COMMA = YES;
				CLANG_WARN_CONSTANT_CONVERSION = YES;
				CLANG_WARN_DEPRECATED_OBJC_IMPLEMENTATIONS = YES;
				CLANG_WARN_DIRECT_OBJC_ISA_USAGE = YES_ERROR;
				CLANG_WARN_DOCUMENTATION_COMMENTS = YES;
				CLANG_WARN_EMPTY_BODY = YES;
				CLANG_WARN_ENUM_CONVERSION = YES;
				CLANG_WARN_INFINITE_RECURSION = YES;
				CLANG_WARN_INT_CONVERSION = YES;
				CLANG_WARN_NON_LITERAL_NULL_CONVERSION = YES;
				CLANG_WARN_OBJC_IMPLICIT_RETAIN_SELF = YES;
				CLANG_WARN_OBJC_LITERAL_CONVERSION = YES;
				CLANG_WARN_OBJC_ROOT_CLASS = YES_ERROR;
				CLANG_WARN_QUOTED_INCLUDE_IN_FRAMEWORK_HEADER = YES;
				CLANG_WARN_RANGE_LOOP_ANALYSIS = YES;
				CLANG_WARN_STRICT_PROTOTYPES = YES;
				CLANG_WARN_SUSPICIOUS_MOVE = YES;
				CLANG_WARN_UNGUARDED_AVAILABILITY = YES_AGGRESSIVE;
				CLANG_WARN_UNREACHABLE_CODE = YES;
				CLANG_WARN__DUPLICATE_METHOD_MATCH = YES;
				COPY_PHASE_STRIP = NO;
				DEBUG_INFORMATION_FORMAT = dwarf;
				ENABLE_STRICT_OBJC_MSGSEND = YES;
				ENABLE_TESTABILITY = YES;
				GCC_C_LANGUAGE_STANDARD = gnu11;
				GCC_DYNAMIC_NO_PIC = NO;
				GCC_NO_COMMON_BLOCKS = YES;
				GCC_OPTIMIZATION_LEVEL = 0;
				GCC_PREPROCESSOR_DEFINITIONS = (
					"DEBUG=1",
					"$(inherited)",
				);
				GCC_WARN_64_TO_32_BIT_CONVERSION = YES;
				GCC_WARN_ABOUT_RETURN_TYPE = YES_ERROR;
				GCC_WARN_UNDECLARED_SELECTOR = YES;
				GCC_WARN_UNINITIALIZED_AUTOS = YES_AGGRESSIVE;
				GCC_WARN_UNUSED_FUNCTION = YES;
				GCC_WARN_UNUSED_VARIABLE = YES;
				IPHONEOS_DEPLOYMENT_TARGET = 14.0;
				MTL_ENABLE_DEBUG_INFO = INCLUDE_SOURCE;
				MTL_FAST_MATH = YES;
				ONLY_ACTIVE_ARCH = YES;
				SDKROOT = iphoneos;
				SWIFT_ACTIVE_COMPILATION_CONDITIONS = DEBUG;
				SWIFT_OPTIMIZATION_LEVEL = "-Onone";
			};
			name = Debug;
		};
		DE5DD5572944D922008AB925 /* Release */ = {
			isa = XCBuildConfiguration;
			buildSettings = {
				ALWAYS_SEARCH_USER_PATHS = NO;
				CLANG_ANALYZER_NONNULL = YES;
				CLANG_ANALYZER_NUMBER_OBJECT_CONVERSION = YES_AGGRESSIVE;
				CLANG_CXX_LANGUAGE_STANDARD = "gnu++20";
				CLANG_ENABLE_MODULES = YES;
				CLANG_ENABLE_OBJC_ARC = YES;
				CLANG_ENABLE_OBJC_WEAK = YES;
				CLANG_WARN_BLOCK_CAPTURE_AUTORELEASING = YES;
				CLANG_WARN_BOOL_CONVERSION = YES;
				CLANG_WARN_COMMA = YES;
				CLANG_WARN_CONSTANT_CONVERSION = YES;
				CLANG_WARN_DEPRECATED_OBJC_IMPLEMENTATIONS = YES;
				CLANG_WARN_DIRECT_OBJC_ISA_USAGE = YES_ERROR;
				CLANG_WARN_DOCUMENTATION_COMMENTS = YES;
				CLANG_WARN_EMPTY_BODY = YES;
				CLANG_WARN_ENUM_CONVERSION = YES;
				CLANG_WARN_INFINITE_RECURSION = YES;
				CLANG_WARN_INT_CONVERSION = YES;
				CLANG_WARN_NON_LITERAL_NULL_CONVERSION = YES;
				CLANG_WARN_OBJC_IMPLICIT_RETAIN_SELF = YES;
				CLANG_WARN_OBJC_LITERAL_CONVERSION = YES;
				CLANG_WARN_OBJC_ROOT_CLASS = YES_ERROR;
				CLANG_WARN_QUOTED_INCLUDE_IN_FRAMEWORK_HEADER = YES;
				CLANG_WARN_RANGE_LOOP_ANALYSIS = YES;
				CLANG_WARN_STRICT_PROTOTYPES = YES;
				CLANG_WARN_SUSPICIOUS_MOVE = YES;
				CLANG_WARN_UNGUARDED_AVAILABILITY = YES_AGGRESSIVE;
				CLANG_WARN_UNREACHABLE_CODE = YES;
				CLANG_WARN__DUPLICATE_METHOD_MATCH = YES;
				COPY_PHASE_STRIP = NO;
				DEBUG_INFORMATION_FORMAT = "dwarf-with-dsym";
				ENABLE_NS_ASSERTIONS = NO;
				ENABLE_STRICT_OBJC_MSGSEND = YES;
				GCC_C_LANGUAGE_STANDARD = gnu11;
				GCC_NO_COMMON_BLOCKS = YES;
				GCC_WARN_64_TO_32_BIT_CONVERSION = YES;
				GCC_WARN_ABOUT_RETURN_TYPE = YES_ERROR;
				GCC_WARN_UNDECLARED_SELECTOR = YES;
				GCC_WARN_UNINITIALIZED_AUTOS = YES_AGGRESSIVE;
				GCC_WARN_UNUSED_FUNCTION = YES;
				GCC_WARN_UNUSED_VARIABLE = YES;
				IPHONEOS_DEPLOYMENT_TARGET = 14.0;
				MTL_ENABLE_DEBUG_INFO = NO;
				MTL_FAST_MATH = YES;
				SDKROOT = iphoneos;
				SWIFT_COMPILATION_MODE = wholemodule;
				SWIFT_OPTIMIZATION_LEVEL = "-O";
				VALIDATE_PRODUCT = YES;
			};
			name = Release;
		};
		DE5DD5592944D922008AB925 /* Debug */ = {
			isa = XCBuildConfiguration;
			buildSettings = {
				ASSETCATALOG_COMPILER_APPICON_NAME = AppIcon;
				ASSETCATALOG_COMPILER_GLOBAL_ACCENT_COLOR_NAME = AccentColor;
				CODE_SIGN_STYLE = Automatic;
				CURRENT_PROJECT_VERSION = 1;
				DEVELOPMENT_TEAM = 6X73SB6LVU;
				GENERATE_INFOPLIST_FILE = YES;
				INFOPLIST_FILE = SamsungStore/Info.plist;
				INFOPLIST_KEY_UIApplicationSupportsIndirectInputEvents = YES;
				INFOPLIST_KEY_UILaunchStoryboardName = LaunchScreen;
				INFOPLIST_KEY_UISupportedInterfaceOrientations = UIInterfaceOrientationPortrait;
				INFOPLIST_KEY_UISupportedInterfaceOrientations_iPad = "UIInterfaceOrientationLandscapeLeft UIInterfaceOrientationLandscapeRight UIInterfaceOrientationPortrait UIInterfaceOrientationPortraitUpsideDown";
				IPHONEOS_DEPLOYMENT_TARGET = 14.0;
				LD_RUNPATH_SEARCH_PATHS = (
					"$(inherited)",
					"@executable_path/Frameworks",
				);
				MARKETING_VERSION = 1.0;
				PRODUCT_BUNDLE_IDENTIFIER = com.SamsungStore;
				PRODUCT_NAME = "$(TARGET_NAME)";
				SUPPORTED_PLATFORMS = "iphoneos iphonesimulator";
				SUPPORTS_MACCATALYST = NO;
				SUPPORTS_MAC_DESIGNED_FOR_IPHONE_IPAD = NO;
				SWIFT_EMIT_LOC_STRINGS = YES;
				SWIFT_VERSION = 5.0;
				TARGETED_DEVICE_FAMILY = 1;
			};
			name = Debug;
		};
		DE5DD55A2944D922008AB925 /* Release */ = {
			isa = XCBuildConfiguration;
			buildSettings = {
				ASSETCATALOG_COMPILER_APPICON_NAME = AppIcon;
				ASSETCATALOG_COMPILER_GLOBAL_ACCENT_COLOR_NAME = AccentColor;
				CODE_SIGN_STYLE = Automatic;
				CURRENT_PROJECT_VERSION = 1;
				DEVELOPMENT_TEAM = 6X73SB6LVU;
				GENERATE_INFOPLIST_FILE = YES;
				INFOPLIST_FILE = SamsungStore/Info.plist;
				INFOPLIST_KEY_UIApplicationSupportsIndirectInputEvents = YES;
				INFOPLIST_KEY_UILaunchStoryboardName = LaunchScreen;
				INFOPLIST_KEY_UISupportedInterfaceOrientations = UIInterfaceOrientationPortrait;
				INFOPLIST_KEY_UISupportedInterfaceOrientations_iPad = "UIInterfaceOrientationLandscapeLeft UIInterfaceOrientationLandscapeRight UIInterfaceOrientationPortrait UIInterfaceOrientationPortraitUpsideDown";
				IPHONEOS_DEPLOYMENT_TARGET = 14.0;
				LD_RUNPATH_SEARCH_PATHS = (
					"$(inherited)",
					"@executable_path/Frameworks",
				);
				MARKETING_VERSION = 1.0;
				PRODUCT_BUNDLE_IDENTIFIER = com.SamsungStore;
				PRODUCT_NAME = "$(TARGET_NAME)";
				SUPPORTED_PLATFORMS = "iphoneos iphonesimulator";
				SUPPORTS_MACCATALYST = NO;
				SUPPORTS_MAC_DESIGNED_FOR_IPHONE_IPAD = NO;
				SWIFT_EMIT_LOC_STRINGS = YES;
				SWIFT_VERSION = 5.0;
				TARGETED_DEVICE_FAMILY = 1;
			};
			name = Release;
		};
/* End XCBuildConfiguration section */

/* Begin XCConfigurationList section */
		DE5DD53F2944D921008AB925 /* Build configuration list for PBXProject "SamsungStore" */ = {
			isa = XCConfigurationList;
			buildConfigurations = (
				DE5DD5562944D922008AB925 /* Debug */,
				DE5DD5572944D922008AB925 /* Release */,
			);
			defaultConfigurationIsVisible = 0;
			defaultConfigurationName = Release;
		};
		DE5DD5582944D922008AB925 /* Build configuration list for PBXNativeTarget "SamsungStore" */ = {
			isa = XCConfigurationList;
			buildConfigurations = (
				DE5DD5592944D922008AB925 /* Debug */,
				DE5DD55A2944D922008AB925 /* Release */,
			);
			defaultConfigurationIsVisible = 0;
			defaultConfigurationName = Release;
		};
/* End XCConfigurationList section */
	};
	rootObject = DE5DD53C2944D921008AB925 /* Project object */;
}
